
Microsoft Visual Studio Solution File, Format Version 12.00
# Visual Studio 15
VisualStudioVersion = 15.0.27004.2009
MinimumVisualStudioVersion = 10.0.40219.1
Project("{2150E333-8FDC-42A3-9474-1A3956D46DE8}") = "Configurations", "Configurations", "{BF6EA727-0390-4A1B-BC09-2B482CADF0CF}"
	ProjectSection(SolutionItems) = preProject
		.gitignore = .gitignore
		src\packages.config = src\packages.config
	EndProjectSection
EndProject
Project("{2150E333-8FDC-42A3-9474-1A3956D46DE8}") = "nuget", "nuget", "{EFAB5A59-8982-40A0-A566-F60D43099566}"
	ProjectSection(SolutionItems) = preProject
		nuget\MBran.DayOfWeekPicker.0.1.nuspec = nuget\MBran.DayOfWeekPicker.0.1.nuspec
	EndProjectSection
EndProject
Project("{FAE04EC0-301F-11D3-BF4B-00C04F79EFBC}") = "Test", "src\Test\Test.csproj", "{C5AE04D3-90F6-474F-963E-CA1BBFF6FAAC}"
EndProject
Project("{FAE04EC0-301F-11D3-BF4B-00C04F79EFBC}") = "MBran.DayOfWeekPicker", "src\MBran.DayOfWeekPicker\MBran.DayOfWeekPicker.csproj", "{F6FE91B0-B8B2-4EB4-8B93-AD0177A07211}"
EndProject
Global
	GlobalSection(SolutionConfigurationPlatforms) = preSolution
		Debug|Any CPU = Debug|Any CPU
		Release|Any CPU = Release|Any CPU
	EndGlobalSection
	GlobalSection(ProjectConfigurationPlatforms) = postSolution
		{C5AE04D3-90F6-474F-963E-CA1BBFF6FAAC}.Debug|Any CPU.ActiveCfg = Debug|Any CPU
		{C5AE04D3-90F6-474F-963E-CA1BBFF6FAAC}.Debug|Any CPU.Build.0 = Debug|Any CPU
		{C5AE04D3-90F6-474F-963E-CA1BBFF6FAAC}.Release|Any CPU.ActiveCfg = Release|Any CPU
		{C5AE04D3-90F6-474F-963E-CA1BBFF6FAAC}.Release|Any CPU.Build.0 = Release|Any CPU
		{F6FE91B0-B8B2-4EB4-8B93-AD0177A07211}.Debug|Any CPU.ActiveCfg = Debug|Any CPU
		{F6FE91B0-B8B2-4EB4-8B93-AD0177A07211}.Debug|Any CPU.Build.0 = Debug|Any CPU
		{F6FE91B0-B8B2-4EB4-8B93-AD0177A07211}.Release|Any CPU.ActiveCfg = Release|Any CPU
		{F6FE91B0-B8B2-4EB4-8B93-AD0177A07211}.Release|Any CPU.Build.0 = Release|Any CPU
	EndGlobalSection
	GlobalSection(SolutionProperties) = preSolution
		HideSolutionNode = FALSE
	EndGlobalSection
	GlobalSection(NestedProjects) = preSolution
		{EFAB5A59-8982-40A0-A566-F60D43099566} = {BF6EA727-0390-4A1B-BC09-2B482CADF0CF}
	EndGlobalSection
	GlobalSection(ExtensibilityGlobals) = postSolution
		SolutionGuid = {ADFEC7AE-1E37-4BDD-AA5A-449249A369BC}
	EndGlobalSection
EndGlobal
