
Microsoft Visual Studio Solution File, Format Version 12.00
# Visual Studio 15
VisualStudioVersion = 15.0.26430.14
MinimumVisualStudioVersion = 10.0.40219.1
Project("{FAE04EC0-301F-11D3-BF4B-00C04F79EFBC}") = "MBran.DayOfWeekPicker", "src\MBran.DayOfWeekPicker.csproj", "{AAF25D47-FA96-4327-A64C-A19F2CB123B2}"
EndProject
Project("{2150E333-8FDC-42A3-9474-1A3956D46DE8}") = "Configurations", "Configurations", "{BF6EA727-0390-4A1B-BC09-2B482CADF0CF}"
	ProjectSection(SolutionItems) = preProject
		.gitignore = .gitignore
		src\packages.config = src\packages.config
	EndProjectSection
EndProject
Project("{2150E333-8FDC-42A3-9474-1A3956D46DE8}") = "nuget", "nuget", "{EFAB5A59-8982-40A0-A566-F60D43099566}"
	ProjectSection(SolutionItems) = preProject
		nuget\MBran.DayOfWeekPicker.0.1.nuspec = nuget\MBran.DayOfWeekPicker.0.1.nuspec
	EndProjectSection
EndProject
Global
	GlobalSection(SolutionConfigurationPlatforms) = preSolution
		Debug|Any CPU = Debug|Any CPU
		Release|Any CPU = Release|Any CPU
	EndGlobalSection
	GlobalSection(ProjectConfigurationPlatforms) = postSolution
		{AAF25D47-FA96-4327-A64C-A19F2CB123B2}.Debug|Any CPU.ActiveCfg = Debug|Any CPU
		{AAF25D47-FA96-4327-A64C-A19F2CB123B2}.Debug|Any CPU.Build.0 = Debug|Any CPU
		{AAF25D47-FA96-4327-A64C-A19F2CB123B2}.Release|Any CPU.ActiveCfg = Release|Any CPU
		{AAF25D47-FA96-4327-A64C-A19F2CB123B2}.Release|Any CPU.Build.0 = Release|Any CPU
	EndGlobalSection
	GlobalSection(SolutionProperties) = preSolution
		HideSolutionNode = FALSE
	EndGlobalSection
	GlobalSection(NestedProjects) = preSolution
		{EFAB5A59-8982-40A0-A566-F60D43099566} = {BF6EA727-0390-4A1B-BC09-2B482CADF0CF}
	EndGlobalSection
EndGlobal
